
Microsoft Visual Studio Solution File, Format Version 12.00
# Visual Studio 15
VisualStudioVersion = 15.0.28307.757
MinimumVisualStudioVersion = 10.0.40219.1
Project("{FAE04EC0-301F-11D3-BF4B-00C04F79EFBC}") = "saetecInstaller", "saetecInstaller\saetecInstaller.csproj", "{563C93C0-8A47-4313-A2D3-950389B01C8D}"
EndProject
Global
	GlobalSection(SolutionConfigurationPlatforms) = preSolution
		Debug|Any CPU = Debug|Any CPU
		Release|Any CPU = Release|Any CPU
	EndGlobalSection
	GlobalSection(ProjectConfigurationPlatforms) = postSolution
		{563C93C0-8A47-4313-A2D3-950389B01C8D}.Debug|Any CPU.ActiveCfg = Debug|Any CPU
		{563C93C0-8A47-4313-A2D3-950389B01C8D}.Debug|Any CPU.Build.0 = Debug|Any CPU
		{563C93C0-8A47-4313-A2D3-950389B01C8D}.Release|Any CPU.ActiveCfg = Release|Any CPU
		{563C93C0-8A47-4313-A2D3-950389B01C8D}.Release|Any CPU.Build.0 = Release|Any CPU
	EndGlobalSection
	GlobalSection(SolutionProperties) = preSolution
		HideSolutionNode = FALSE
	EndGlobalSection
	GlobalSection(ExtensibilityGlobals) = postSolution
		SolutionGuid = {91329A5A-8D5F-4949-88DC-43CC69EB289A}
	EndGlobalSection
EndGlobal
