
Microsoft Visual Studio Solution File, Format Version 12.00
# Visual Studio 15
VisualStudioVersion = 15.0.28010.2050
MinimumVisualStudioVersion = 10.0.40219.1
Project("{FAE04EC0-301F-11D3-BF4B-00C04F79EFBC}") = "DOwnloadFileProgress", "DOwnloadFileProgress\DOwnloadFileProgress.csproj", "{922EDD43-6BD3-4A2F-B2E7-7CE383755079}"
EndProject
Global
	GlobalSection(SolutionConfigurationPlatforms) = preSolution
		Debug|Any CPU = Debug|Any CPU
		Release|Any CPU = Release|Any CPU
	EndGlobalSection
	GlobalSection(ProjectConfigurationPlatforms) = postSolution
		{922EDD43-6BD3-4A2F-B2E7-7CE383755079}.Debug|Any CPU.ActiveCfg = Debug|Any CPU
		{922EDD43-6BD3-4A2F-B2E7-7CE383755079}.Debug|Any CPU.Build.0 = Debug|Any CPU
		{922EDD43-6BD3-4A2F-B2E7-7CE383755079}.Release|Any CPU.ActiveCfg = Release|Any CPU
		{922EDD43-6BD3-4A2F-B2E7-7CE383755079}.Release|Any CPU.Build.0 = Release|Any CPU
	EndGlobalSection
	GlobalSection(SolutionProperties) = preSolution
		HideSolutionNode = FALSE
	EndGlobalSection
	GlobalSection(ExtensibilityGlobals) = postSolution
		SolutionGuid = {95D72F3A-27C2-4394-B682-5020C9C6AAA0}
	EndGlobalSection
EndGlobal
